
Microsoft Visual Studio Solution File, Format Version 12.00
# Visual Studio Version 16
VisualStudioVersion = 16.0.31702.278
MinimumVisualStudioVersion = 10.0.40219.1
Project("{FAE04EC0-301F-11D3-BF4B-00C04F79EFBC}") = "WebMVCLayout", "WebMVCLayout\WebMVCLayout.csproj", "{FD260209-8C52-4CB9-A1FF-FA30D7943A19}"
EndProject
Global
	GlobalSection(SolutionConfigurationPlatforms) = preSolution
		Debug|Any CPU = Debug|Any CPU
		Release|Any CPU = Release|Any CPU
	EndGlobalSection
	GlobalSection(ProjectConfigurationPlatforms) = postSolution
		{FD260209-8C52-4CB9-A1FF-FA30D7943A19}.Debug|Any CPU.ActiveCfg = Debug|Any CPU
		{FD260209-8C52-4CB9-A1FF-FA30D7943A19}.Debug|Any CPU.Build.0 = Debug|Any CPU
		{FD260209-8C52-4CB9-A1FF-FA30D7943A19}.Release|Any CPU.ActiveCfg = Release|Any CPU
		{FD260209-8C52-4CB9-A1FF-FA30D7943A19}.Release|Any CPU.Build.0 = Release|Any CPU
	EndGlobalSection
	GlobalSection(SolutionProperties) = preSolution
		HideSolutionNode = FALSE
	EndGlobalSection
	GlobalSection(ExtensibilityGlobals) = postSolution
		SolutionGuid = {EBD2E282-8DFD-402C-9EE9-755A914788AB}
	EndGlobalSection
EndGlobal
